
Microsoft Visual Studio Solution File, Format Version 12.00
# Visual Studio Version 17
VisualStudioVersion = 17.0.32112.339
MinimumVisualStudioVersion = 10.0.40219.1
Project("{FAE04EC0-301F-11D3-BF4B-00C04F79EFBC}") = "Huffm", "Huffm\Huffm.csproj", "{BE76EB0C-0DB4-46B7-A0E1-D9E8906F2244}"
EndProject
Global
	GlobalSection(SolutionConfigurationPlatforms) = preSolution
		Debug|Any CPU = Debug|Any CPU
		Release|Any CPU = Release|Any CPU
	EndGlobalSection
	GlobalSection(ProjectConfigurationPlatforms) = postSolution
		{BE76EB0C-0DB4-46B7-A0E1-D9E8906F2244}.Debug|Any CPU.ActiveCfg = Debug|Any CPU
		{BE76EB0C-0DB4-46B7-A0E1-D9E8906F2244}.Debug|Any CPU.Build.0 = Debug|Any CPU
		{BE76EB0C-0DB4-46B7-A0E1-D9E8906F2244}.Release|Any CPU.ActiveCfg = Release|Any CPU
		{BE76EB0C-0DB4-46B7-A0E1-D9E8906F2244}.Release|Any CPU.Build.0 = Release|Any CPU
	EndGlobalSection
	GlobalSection(SolutionProperties) = preSolution
		HideSolutionNode = FALSE
	EndGlobalSection
	GlobalSection(ExtensibilityGlobals) = postSolution
		SolutionGuid = {E71BA154-1C9B-4AE0-B863-C00C5FCBB5EB}
	EndGlobalSection
EndGlobal
